
Microsoft Visual Studio Solution File, Format Version 12.00
# Visual Studio Version 17
VisualStudioVersion = 17.5.002.0
MinimumVisualStudioVersion = 10.0.40219.1
Project("{9A19103F-16F7-4668-BE54-9A1E7A4F7556}") = "1. Two Sum", "1. Two Sum\1. Two Sum.csproj", "{00BC8085-B316-4669-B912-93441BE5336C}"
EndProject
Project("{9A19103F-16F7-4668-BE54-9A1E7A4F7556}") = "10. Regular Expression Matching", "10. Regular Expression Matching\10. Regular Expression Matching.csproj", "{21528275-7F53-4895-9D37-4A2E347505F0}"
EndProject
Project("{9A19103F-16F7-4668-BE54-9A1E7A4F7556}") = "11. Container With Most Water", "11. Container With Most Water\11. Container With Most Water.csproj", "{8295D3A2-6106-4517-A509-1A257B15E85F}"
EndProject
Project("{9A19103F-16F7-4668-BE54-9A1E7A4F7556}") = "12. Integer to Roman", "12. Integer to Roman\12. Integer to Roman.csproj", "{F1267881-0D46-4BA5-92C1-08F37B09E00C}"
EndProject
Project("{9A19103F-16F7-4668-BE54-9A1E7A4F7556}") = "2. Add Two Numbers", "2. Add Two Numbers\2. Add Two Numbers.csproj", "{219F03EA-BDE1-460F-89EA-5A93B1440C00}"
EndProject
Project("{9A19103F-16F7-4668-BE54-9A1E7A4F7556}") = "3. Longest Substring Without Repeating Characters", "3. Longest Substring Without Repeating Characters\3. Longest Substring Without Repeating Characters.csproj", "{8D05943D-C69F-4B25-982E-A8B5E573E0C7}"
EndProject
Project("{9A19103F-16F7-4668-BE54-9A1E7A4F7556}") = "4. Median of Two Sorted Arrays", "4. Median of Two Sorted Arrays\4. Median of Two Sorted Arrays.csproj", "{5B57079A-4377-4A1E-99AA-450B1F754249}"
EndProject
Project("{9A19103F-16F7-4668-BE54-9A1E7A4F7556}") = "5. Longest Palindromic Substring", "5. Longest Palindromic Substring\5. Longest Palindromic Substring.csproj", "{5CEBD002-9DD1-4BFD-AA8C-9966D9118A17}"
EndProject
Project("{9A19103F-16F7-4668-BE54-9A1E7A4F7556}") = "6. Zigzag Conversion", "6. Zigzag Conversion\6. Zigzag Conversion.csproj", "{75A1DAFE-F232-4BDB-9B70-4DD724B9EBD4}"
EndProject
Project("{9A19103F-16F7-4668-BE54-9A1E7A4F7556}") = "7. Reverse Integer", "7. Reverse Integer\7. Reverse Integer.csproj", "{F0CE7D51-E6BC-4816-8FD2-64601D982A55}"
EndProject
Project("{9A19103F-16F7-4668-BE54-9A1E7A4F7556}") = "8. String to Integer (atoi)", "8. String to Integer (atoi)\8. String to Integer (atoi).csproj", "{EEAD6070-E460-4A8E-9755-6082E15453A7}"
EndProject
Project("{9A19103F-16F7-4668-BE54-9A1E7A4F7556}") = "9. Palindrome Number", "9. Palindrome Number\9. Palindrome Number.csproj", "{0FF064C4-D8CA-4349-8E0D-5E2567AB73C2}"
EndProject
Global
	GlobalSection(SolutionConfigurationPlatforms) = preSolution
		Debug|Any CPU = Debug|Any CPU
		Release|Any CPU = Release|Any CPU
	EndGlobalSection
	GlobalSection(ProjectConfigurationPlatforms) = postSolution
		{00BC8085-B316-4669-B912-93441BE5336C}.Debug|Any CPU.ActiveCfg = Debug|Any CPU
		{00BC8085-B316-4669-B912-93441BE5336C}.Debug|Any CPU.Build.0 = Debug|Any CPU
		{00BC8085-B316-4669-B912-93441BE5336C}.Release|Any CPU.ActiveCfg = Release|Any CPU
		{00BC8085-B316-4669-B912-93441BE5336C}.Release|Any CPU.Build.0 = Release|Any CPU
		{21528275-7F53-4895-9D37-4A2E347505F0}.Debug|Any CPU.ActiveCfg = Debug|Any CPU
		{21528275-7F53-4895-9D37-4A2E347505F0}.Debug|Any CPU.Build.0 = Debug|Any CPU
		{21528275-7F53-4895-9D37-4A2E347505F0}.Release|Any CPU.ActiveCfg = Release|Any CPU
		{21528275-7F53-4895-9D37-4A2E347505F0}.Release|Any CPU.Build.0 = Release|Any CPU
		{8295D3A2-6106-4517-A509-1A257B15E85F}.Debug|Any CPU.ActiveCfg = Debug|Any CPU
		{8295D3A2-6106-4517-A509-1A257B15E85F}.Debug|Any CPU.Build.0 = Debug|Any CPU
		{8295D3A2-6106-4517-A509-1A257B15E85F}.Release|Any CPU.ActiveCfg = Release|Any CPU
		{8295D3A2-6106-4517-A509-1A257B15E85F}.Release|Any CPU.Build.0 = Release|Any CPU
		{F1267881-0D46-4BA5-92C1-08F37B09E00C}.Debug|Any CPU.ActiveCfg = Debug|Any CPU
		{F1267881-0D46-4BA5-92C1-08F37B09E00C}.Debug|Any CPU.Build.0 = Debug|Any CPU
		{F1267881-0D46-4BA5-92C1-08F37B09E00C}.Release|Any CPU.ActiveCfg = Release|Any CPU
		{F1267881-0D46-4BA5-92C1-08F37B09E00C}.Release|Any CPU.Build.0 = Release|Any CPU
		{219F03EA-BDE1-460F-89EA-5A93B1440C00}.Debug|Any CPU.ActiveCfg = Debug|Any CPU
		{219F03EA-BDE1-460F-89EA-5A93B1440C00}.Debug|Any CPU.Build.0 = Debug|Any CPU
		{219F03EA-BDE1-460F-89EA-5A93B1440C00}.Release|Any CPU.ActiveCfg = Release|Any CPU
		{219F03EA-BDE1-460F-89EA-5A93B1440C00}.Release|Any CPU.Build.0 = Release|Any CPU
		{8D05943D-C69F-4B25-982E-A8B5E573E0C7}.Debug|Any CPU.ActiveCfg = Debug|Any CPU
		{8D05943D-C69F-4B25-982E-A8B5E573E0C7}.Debug|Any CPU.Build.0 = Debug|Any CPU
		{8D05943D-C69F-4B25-982E-A8B5E573E0C7}.Release|Any CPU.ActiveCfg = Release|Any CPU
		{8D05943D-C69F-4B25-982E-A8B5E573E0C7}.Release|Any CPU.Build.0 = Release|Any CPU
		{5B57079A-4377-4A1E-99AA-450B1F754249}.Debug|Any CPU.ActiveCfg = Debug|Any CPU
		{5B57079A-4377-4A1E-99AA-450B1F754249}.Debug|Any CPU.Build.0 = Debug|Any CPU
		{5B57079A-4377-4A1E-99AA-450B1F754249}.Release|Any CPU.ActiveCfg = Release|Any CPU
		{5B57079A-4377-4A1E-99AA-450B1F754249}.Release|Any CPU.Build.0 = Release|Any CPU
		{5CEBD002-9DD1-4BFD-AA8C-9966D9118A17}.Debug|Any CPU.ActiveCfg = Debug|Any CPU
		{5CEBD002-9DD1-4BFD-AA8C-9966D9118A17}.Debug|Any CPU.Build.0 = Debug|Any CPU
		{5CEBD002-9DD1-4BFD-AA8C-9966D9118A17}.Release|Any CPU.ActiveCfg = Release|Any CPU
		{5CEBD002-9DD1-4BFD-AA8C-9966D9118A17}.Release|Any CPU.Build.0 = Release|Any CPU
		{75A1DAFE-F232-4BDB-9B70-4DD724B9EBD4}.Debug|Any CPU.ActiveCfg = Debug|Any CPU
		{75A1DAFE-F232-4BDB-9B70-4DD724B9EBD4}.Debug|Any CPU.Build.0 = Debug|Any CPU
		{75A1DAFE-F232-4BDB-9B70-4DD724B9EBD4}.Release|Any CPU.ActiveCfg = Release|Any CPU
		{75A1DAFE-F232-4BDB-9B70-4DD724B9EBD4}.Release|Any CPU.Build.0 = Release|Any CPU
		{F0CE7D51-E6BC-4816-8FD2-64601D982A55}.Debug|Any CPU.ActiveCfg = Debug|Any CPU
		{F0CE7D51-E6BC-4816-8FD2-64601D982A55}.Debug|Any CPU.Build.0 = Debug|Any CPU
		{F0CE7D51-E6BC-4816-8FD2-64601D982A55}.Release|Any CPU.ActiveCfg = Release|Any CPU
		{F0CE7D51-E6BC-4816-8FD2-64601D982A55}.Release|Any CPU.Build.0 = Release|Any CPU
		{EEAD6070-E460-4A8E-9755-6082E15453A7}.Debug|Any CPU.ActiveCfg = Debug|Any CPU
		{EEAD6070-E460-4A8E-9755-6082E15453A7}.Debug|Any CPU.Build.0 = Debug|Any CPU
		{EEAD6070-E460-4A8E-9755-6082E15453A7}.Release|Any CPU.ActiveCfg = Release|Any CPU
		{EEAD6070-E460-4A8E-9755-6082E15453A7}.Release|Any CPU.Build.0 = Release|Any CPU
		{0FF064C4-D8CA-4349-8E0D-5E2567AB73C2}.Debug|Any CPU.ActiveCfg = Debug|Any CPU
		{0FF064C4-D8CA-4349-8E0D-5E2567AB73C2}.Debug|Any CPU.Build.0 = Debug|Any CPU
		{0FF064C4-D8CA-4349-8E0D-5E2567AB73C2}.Release|Any CPU.ActiveCfg = Release|Any CPU
		{0FF064C4-D8CA-4349-8E0D-5E2567AB73C2}.Release|Any CPU.Build.0 = Release|Any CPU
	EndGlobalSection
	GlobalSection(SolutionProperties) = preSolution
		HideSolutionNode = FALSE
	EndGlobalSection
	GlobalSection(ExtensibilityGlobals) = postSolution
		SolutionGuid = {4E0DC63F-7837-4FDF-A50D-DC4D822B59D0}
	EndGlobalSection
EndGlobal
